{
  "name": "bplug",
  "version": "0.0.1",
  "lockfileVersion": 3,
  "requires": true,
  "packages": {
    "": {
      "name": "bplug",
      "version": "0.0.1",
      "dependencies": {
        "@fable-org/fable-library-js": "^2.8.0"
      },
      "engines": {
        "vscode": "^1.85.0"
      }
    },
    "node_modules/@fable-org/fable-library-js": {
      "version": "2.8.0",
      "resolved": "https://registry.npmjs.org/@fable-org/fable-library-js/-/fable-library-js-2.8.0.tgz",
      "integrity": "sha512-rJ5jK7YJ9TJa5ED4YwbnC8ct2PQlDVBF9i0aKjPqLeHKcx0GS/Ce9cla1DNcD+OX1ek7HbDPI9AdWiL3fuMWUQ==",
      "license": "MIT"
    }
  }
}
